{
    "name": "snsavage-netlify",
    "version": "0.0.1",
    "lockfileVersion": 2,
    "requires": true,
    "packages": {
        "": {
            "version": "0.0.1",
            "dependencies": {
                "@netlify/functions": "^0.10.0",
                "axios": "^0.24.0",
                "dotenv": "^10.0.0",
                "luxon": "^2.1.1"
            },
            "devDependencies": {
                "@types/luxon": "^2.0.7",
                "@types/node": "^16.11.10"
            }
        },
        "node_modules/@netlify/functions": {
            "version": "0.10.0",
            "resolved": "https://registry.npmjs.org/@netlify/functions/-/functions-0.10.0.tgz",
            "integrity": "sha512-NNFADTPnokuoMY1OUhaXlE/Jrzk5lHOl1uB4L/8pw1UJ/CaectZJACMExijbJnqaKIhOQG0WmbBQUh1lgnK/Qg==",
            "dependencies": {
                "is-promise": "^4.0.0"
            },
            "engines": {
                "node": ">=8.3.0"
            }
        },
        "node_modules/@types/luxon": {
            "version": "2.0.7",
            "resolved": "https://registry.npmjs.org/@types/luxon/-/luxon-2.0.7.tgz",
            "integrity": "sha512-AxiYycfO+/M4VIH0ribSr2iPFC+APewpJIaQSydwVnzorK3mjSFXkA3HmhQidGx44MpwaatFyEkbW/WD4zdDaQ==",
            "dev": true
        },
        "node_modules/@types/node": {
            "version": "16.11.10",
            "resolved": "https://registry.npmjs.org/@types/node/-/node-16.11.10.tgz",
            "integrity": "sha512-3aRnHa1KlOEEhJ6+CvyHKK5vE9BcLGjtUpwvqYLRvYNQKMfabu3BwfJaA/SLW8dxe28LsNDjtHwePTuzn3gmOA==",
            "dev": true
        },
        "node_modules/axios": {
            "version": "0.24.0",
            "resolved": "https://registry.npmjs.org/axios/-/axios-0.24.0.tgz",
            "integrity": "sha512-Q6cWsys88HoPgAaFAVUb0WpPk0O8iTeisR9IMqy9G8AbO4NlpVknrnQS03zzF9PGAWgO3cgletO3VjV/P7VztA==",
            "dependencies": {
                "follow-redirects": "^1.14.4"
            }
        },
        "node_modules/dotenv": {
            "version": "10.0.0",
            "resolved": "https://registry.npmjs.org/dotenv/-/dotenv-10.0.0.tgz",
            "integrity": "sha512-rlBi9d8jpv9Sf1klPjNfFAuWDjKLwTIJJ/VxtoTwIR6hnZxcEOQCZg2oIL3MWBYw5GpUDKOEnND7LXTbIpQ03Q==",
            "engines": {
                "node": ">=10"
            }
        },
        "node_modules/follow-redirects": {
            "version": "1.14.5",
            "resolved": "https://registry.npmjs.org/follow-redirects/-/follow-redirects-1.14.5.tgz",
            "integrity": "sha512-wtphSXy7d4/OR+MvIFbCVBDzZ5520qV8XfPklSN5QtxuMUJZ+b0Wnst1e1lCDocfzuCkHqj8k0FpZqO+UIaKNA==",
            "funding": [
                {
                    "type": "individual",
                    "url": "https://github.com/sponsors/RubenVerborgh"
                }
            ],
            "engines": {
                "node": ">=4.0"
            },
            "peerDependenciesMeta": {
                "debug": {
                    "optional": true
                }
            }
        },
        "node_modules/is-promise": {
            "version": "4.0.0",
            "resolved": "https://registry.npmjs.org/is-promise/-/is-promise-4.0.0.tgz",
            "integrity": "sha512-hvpoI6korhJMnej285dSg6nu1+e6uxs7zG3BYAm5byqDsgJNWwxzM6z6iZiAgQR4TJ30JmBTOwqZUw3WlyH3AQ=="
        },
        "node_modules/luxon": {
            "version": "2.1.1",
            "resolved": "https://registry.npmjs.org/luxon/-/luxon-2.1.1.tgz",
            "integrity": "sha512-6VQVNw7+kQu3hL1ZH5GyOhnk8uZm21xS7XJ/6vDZaFNcb62dpFDKcH8TI5NkoZOdMRxr7af7aYGrJlE/Wv0i1w==",
            "engines": {
                "node": ">=12"
            }
        }
    },
    "dependencies": {
        "@netlify/functions": {
            "version": "0.10.0",
            "resolved": "https://registry.npmjs.org/@netlify/functions/-/functions-0.10.0.tgz",
            "integrity": "sha512-NNFADTPnokuoMY1OUhaXlE/Jrzk5lHOl1uB4L/8pw1UJ/CaectZJACMExijbJnqaKIhOQG0WmbBQUh1lgnK/Qg==",
            "requires": {
                "is-promise": "^4.0.0"
            }
        },
        "@types/luxon": {
            "version": "2.0.7",
            "resolved": "https://registry.npmjs.org/@types/luxon/-/luxon-2.0.7.tgz",
            "integrity": "sha512-AxiYycfO+/M4VIH0ribSr2iPFC+APewpJIaQSydwVnzorK3mjSFXkA3HmhQidGx44MpwaatFyEkbW/WD4zdDaQ==",
            "dev": true
        },
        "@types/node": {
            "version": "16.11.10",
            "resolved": "https://registry.npmjs.org/@types/node/-/node-16.11.10.tgz",
            "integrity": "sha512-3aRnHa1KlOEEhJ6+CvyHKK5vE9BcLGjtUpwvqYLRvYNQKMfabu3BwfJaA/SLW8dxe28LsNDjtHwePTuzn3gmOA==",
            "dev": true
        },
        "axios": {
            "version": "0.24.0",
            "resolved": "https://registry.npmjs.org/axios/-/axios-0.24.0.tgz",
            "integrity": "sha512-Q6cWsys88HoPgAaFAVUb0WpPk0O8iTeisR9IMqy9G8AbO4NlpVknrnQS03zzF9PGAWgO3cgletO3VjV/P7VztA==",
            "requires": {
                "follow-redirects": "^1.14.4"
            }
        },
        "dotenv": {
            "version": "10.0.0",
            "resolved": "https://registry.npmjs.org/dotenv/-/dotenv-10.0.0.tgz",
            "integrity": "sha512-rlBi9d8jpv9Sf1klPjNfFAuWDjKLwTIJJ/VxtoTwIR6hnZxcEOQCZg2oIL3MWBYw5GpUDKOEnND7LXTbIpQ03Q=="
        },
        "follow-redirects": {
            "version": "1.14.5",
            "resolved": "https://registry.npmjs.org/follow-redirects/-/follow-redirects-1.14.5.tgz",
            "integrity": "sha512-wtphSXy7d4/OR+MvIFbCVBDzZ5520qV8XfPklSN5QtxuMUJZ+b0Wnst1e1lCDocfzuCkHqj8k0FpZqO+UIaKNA=="
        },
        "is-promise": {
            "version": "4.0.0",
            "resolved": "https://registry.npmjs.org/is-promise/-/is-promise-4.0.0.tgz",
            "integrity": "sha512-hvpoI6korhJMnej285dSg6nu1+e6uxs7zG3BYAm5byqDsgJNWwxzM6z6iZiAgQR4TJ30JmBTOwqZUw3WlyH3AQ=="
        },
        "luxon": {
            "version": "2.1.1",
            "resolved": "https://registry.npmjs.org/luxon/-/luxon-2.1.1.tgz",
            "integrity": "sha512-6VQVNw7+kQu3hL1ZH5GyOhnk8uZm21xS7XJ/6vDZaFNcb62dpFDKcH8TI5NkoZOdMRxr7af7aYGrJlE/Wv0i1w=="
        }
    }
}
